{
  "name": "vue-bmapgl",
  "version": "0.1.0",
  "lockfileVersion": 1,
  "requires": true,
  "dependencies": {
    "mapvgl": {
      "version": "1.0.0-beta.147",
      "resolved": "https://registry.npmjs.org/mapvgl/-/mapvgl-1.0.0-beta.147.tgz",
      "integrity": "sha512-ad1YO5P84ecJoRvmkqXI4VTYLcUzCMPzzkZcbMEMc7TPQg1VIZnxW2JXbhinAdZrgxCkC5aI//ykNe1vZ7JpRA=="
    },
    "shallowequal": {
      "version": "1.1.0",
      "resolved": "https://registry.npmjs.org/shallowequal/-/shallowequal-1.1.0.tgz",
      "integrity": "sha512-y0m1JoUZSlPAjXVtPPW70aZWfIL/dSP7AFkRnniLCrK/8MDKog3TySTBmckD+RObVxH0v4Tox67+F14PdED2oQ=="
    },
    "vue": {
      "version": "2.6.14",
      "resolved": "https://registry.npmjs.org/vue/-/vue-2.6.14.tgz",
      "integrity": "sha512-x2284lgYvjOMj3Za7kqzRcUSxBboHqtgRE2zlos1qWaOye5yUmHn42LB1250NJBLRwEcdrB0JRwyPTEPhfQjiQ==",
      "dev": true
    }
  }
}
